
Microsoft Visual Studio Solution File, Format Version 12.00
# Visual Studio Version 17
VisualStudioVersion = 17.11.35327.3
MinimumVisualStudioVersion = 10.0.40219.1
Project("{FAE04EC0-301F-11D3-BF4B-00C04F79EFBC}") = "EfClass.DataAccess", "EfClass.DataAccess\EfClass.DataAccess.csproj", "{9B2BCD99-CFBB-490A-8FBE-96A2F023938E}"
EndProject
Project("{FAE04EC0-301F-11D3-BF4B-00C04F79EFBC}") = "EfClass.Managers", "EfClass.Managers\EfClass.Managers.csproj", "{786E1616-8653-4756-9E67-3FA2CD312720}"
EndProject
Project("{FAE04EC0-301F-11D3-BF4B-00C04F79EFBC}") = "EfClass.Services", "EfClass.Services\EfClass.Services.csproj", "{ECF0E20A-327D-41BC-A4CC-6E0DF997EFAC}"
EndProject
Project("{FAE04EC0-301F-11D3-BF4B-00C04F79EFBC}") = "EfClass.BooksAPI", "EfClass.BooksAPI\EfClass.BooksAPI.csproj", "{B628B3FE-B691-41C1-904A-F0AC1C592AF4}"
EndProject
Project("{FAE04EC0-301F-11D3-BF4B-00C04F79EFBC}") = "EfClass.Models", "EfClass.Models\EfClass.Models.csproj", "{BB8F459B-B017-4782-8A05-397BCD317452}"
EndProject
Global
	GlobalSection(SolutionConfigurationPlatforms) = preSolution
		Debug|Any CPU = Debug|Any CPU
		Release|Any CPU = Release|Any CPU
	EndGlobalSection
	GlobalSection(ProjectConfigurationPlatforms) = postSolution
		{9B2BCD99-CFBB-490A-8FBE-96A2F023938E}.Debug|Any CPU.ActiveCfg = Debug|Any CPU
		{9B2BCD99-CFBB-490A-8FBE-96A2F023938E}.Debug|Any CPU.Build.0 = Debug|Any CPU
		{9B2BCD99-CFBB-490A-8FBE-96A2F023938E}.Release|Any CPU.ActiveCfg = Release|Any CPU
		{9B2BCD99-CFBB-490A-8FBE-96A2F023938E}.Release|Any CPU.Build.0 = Release|Any CPU
		{786E1616-8653-4756-9E67-3FA2CD312720}.Debug|Any CPU.ActiveCfg = Debug|Any CPU
		{786E1616-8653-4756-9E67-3FA2CD312720}.Debug|Any CPU.Build.0 = Debug|Any CPU
		{786E1616-8653-4756-9E67-3FA2CD312720}.Release|Any CPU.ActiveCfg = Release|Any CPU
		{786E1616-8653-4756-9E67-3FA2CD312720}.Release|Any CPU.Build.0 = Release|Any CPU
		{ECF0E20A-327D-41BC-A4CC-6E0DF997EFAC}.Debug|Any CPU.ActiveCfg = Debug|Any CPU
		{ECF0E20A-327D-41BC-A4CC-6E0DF997EFAC}.Debug|Any CPU.Build.0 = Debug|Any CPU
		{ECF0E20A-327D-41BC-A4CC-6E0DF997EFAC}.Release|Any CPU.ActiveCfg = Release|Any CPU
		{ECF0E20A-327D-41BC-A4CC-6E0DF997EFAC}.Release|Any CPU.Build.0 = Release|Any CPU
		{B628B3FE-B691-41C1-904A-F0AC1C592AF4}.Debug|Any CPU.ActiveCfg = Debug|Any CPU
		{B628B3FE-B691-41C1-904A-F0AC1C592AF4}.Debug|Any CPU.Build.0 = Debug|Any CPU
		{B628B3FE-B691-41C1-904A-F0AC1C592AF4}.Release|Any CPU.ActiveCfg = Release|Any CPU
		{B628B3FE-B691-41C1-904A-F0AC1C592AF4}.Release|Any CPU.Build.0 = Release|Any CPU
		{BB8F459B-B017-4782-8A05-397BCD317452}.Debug|Any CPU.ActiveCfg = Debug|Any CPU
		{BB8F459B-B017-4782-8A05-397BCD317452}.Debug|Any CPU.Build.0 = Debug|Any CPU
		{BB8F459B-B017-4782-8A05-397BCD317452}.Release|Any CPU.ActiveCfg = Release|Any CPU
		{BB8F459B-B017-4782-8A05-397BCD317452}.Release|Any CPU.Build.0 = Release|Any CPU
	EndGlobalSection
	GlobalSection(SolutionProperties) = preSolution
		HideSolutionNode = FALSE
	EndGlobalSection
	GlobalSection(ExtensibilityGlobals) = postSolution
		SolutionGuid = {B0F2D944-37A5-4CA9-BD0D-2711D3311D5A}
	EndGlobalSection
EndGlobal
